
Microsoft Visual Studio Solution File, Format Version 12.00
# Visual Studio Version 16
VisualStudioVersion = 16.0.30907.101
MinimumVisualStudioVersion = 10.0.40219.1
Project("{FAE04EC0-301F-11D3-BF4B-00C04F79EFBC}") = "Pr1", "Pr1\Pr1.csproj", "{69059EFD-87F9-448A-8DB5-F6C71F05F651}"
EndProject
Global
	GlobalSection(SolutionConfigurationPlatforms) = preSolution
		Debug|Any CPU = Debug|Any CPU
		Release|Any CPU = Release|Any CPU
	EndGlobalSection
	GlobalSection(ProjectConfigurationPlatforms) = postSolution
		{69059EFD-87F9-448A-8DB5-F6C71F05F651}.Debug|Any CPU.ActiveCfg = Debug|Any CPU
		{69059EFD-87F9-448A-8DB5-F6C71F05F651}.Debug|Any CPU.Build.0 = Debug|Any CPU
		{69059EFD-87F9-448A-8DB5-F6C71F05F651}.Release|Any CPU.ActiveCfg = Release|Any CPU
		{69059EFD-87F9-448A-8DB5-F6C71F05F651}.Release|Any CPU.Build.0 = Release|Any CPU
	EndGlobalSection
	GlobalSection(SolutionProperties) = preSolution
		HideSolutionNode = FALSE
	EndGlobalSection
	GlobalSection(ExtensibilityGlobals) = postSolution
		SolutionGuid = {B3BBD0BF-C56E-4709-86E7-F95B68E6D32F}
	EndGlobalSection
EndGlobal
